
Microsoft Visual Studio Solution File, Format Version 12.00
# Visual Studio 15
VisualStudioVersion = 15.0.27130.2026
MinimumVisualStudioVersion = 10.0.40219.1
Project("{8BC9CEB8-8B4A-11D0-8D11-00A0C91BC942}") = "MeshUtils", "MeshUtils.vcxproj", "{FD3FE1FF-ABE5-40DB-B867-144E9DD9B23C}"
EndProject
Project("{8BC9CEB8-8B4A-11D0-8D11-00A0C91BC942}") = "setup", "setup.vcxproj", "{1C5DE91B-7AE9-4304-9FA1-0DE1ABA8C02D}"
EndProject
Project("{8BC9CEB8-8B4A-11D0-8D11-00A0C91BC942}") = "MeshSyncServer", "MeshSyncServer.vcxproj", "{66397903-6FF2-46C6-B51E-B323FD248FAD}"
EndProject
Project("{8BC9CEB8-8B4A-11D0-8D11-00A0C91BC942}") = "MeshSyncClientMQ4", "MeshSyncClientMQ4.vcxproj", "{12C849FC-DFEC-4FCD-9351-38BE0020BED5}"
EndProject
Project("{8BC9CEB8-8B4A-11D0-8D11-00A0C91BC942}") = "MeshSync", "MeshSync.vcxproj", "{7D79CF0C-F0B6-4D4E-BBEE-822E4BDA4061}"
EndProject
Project("{8BC9CEB8-8B4A-11D0-8D11-00A0C91BC942}") = "MeshSyncClientMQ3", "MeshSyncClientMQ3.vcxproj", "{49C765EA-DD7C-481D-9584-CEFAD935735E}"
EndProject
Global
	GlobalSection(SolutionConfigurationPlatforms) = preSolution
		Debug|x64 = Debug|x64
		Debug|x86 = Debug|x86
		Release|x64 = Release|x64
		Release|x86 = Release|x86
	EndGlobalSection
	GlobalSection(ProjectConfigurationPlatforms) = postSolution
		{FD3FE1FF-ABE5-40DB-B867-144E9DD9B23C}.Debug|x64.ActiveCfg = Debug|x64
		{FD3FE1FF-ABE5-40DB-B867-144E9DD9B23C}.Debug|x64.Build.0 = Debug|x64
		{FD3FE1FF-ABE5-40DB-B867-144E9DD9B23C}.Debug|x86.ActiveCfg = Debug|Win32
		{FD3FE1FF-ABE5-40DB-B867-144E9DD9B23C}.Debug|x86.Build.0 = Debug|Win32
		{FD3FE1FF-ABE5-40DB-B867-144E9DD9B23C}.Release|x64.ActiveCfg = Release|x64
		{FD3FE1FF-ABE5-40DB-B867-144E9DD9B23C}.Release|x64.Build.0 = Release|x64
		{FD3FE1FF-ABE5-40DB-B867-144E9DD9B23C}.Release|x86.ActiveCfg = Release|Win32
		{FD3FE1FF-ABE5-40DB-B867-144E9DD9B23C}.Release|x86.Build.0 = Release|Win32
		{1C5DE91B-7AE9-4304-9FA1-0DE1ABA8C02D}.Debug|x64.ActiveCfg = Release|x64
		{1C5DE91B-7AE9-4304-9FA1-0DE1ABA8C02D}.Debug|x64.Build.0 = Release|x64
		{1C5DE91B-7AE9-4304-9FA1-0DE1ABA8C02D}.Debug|x64.Deploy.0 = Release|x64
		{1C5DE91B-7AE9-4304-9FA1-0DE1ABA8C02D}.Debug|x86.ActiveCfg = Release|x64
		{1C5DE91B-7AE9-4304-9FA1-0DE1ABA8C02D}.Debug|x86.Build.0 = Release|x64
		{1C5DE91B-7AE9-4304-9FA1-0DE1ABA8C02D}.Debug|x86.Deploy.0 = Release|x64
		{1C5DE91B-7AE9-4304-9FA1-0DE1ABA8C02D}.Release|x64.ActiveCfg = Release|x64
		{1C5DE91B-7AE9-4304-9FA1-0DE1ABA8C02D}.Release|x64.Build.0 = Release|x64
		{1C5DE91B-7AE9-4304-9FA1-0DE1ABA8C02D}.Release|x86.ActiveCfg = Release|Win32
		{1C5DE91B-7AE9-4304-9FA1-0DE1ABA8C02D}.Release|x86.Build.0 = Release|Win32
		{66397903-6FF2-46C6-B51E-B323FD248FAD}.Debug|x64.ActiveCfg = Debug|x64
		{66397903-6FF2-46C6-B51E-B323FD248FAD}.Debug|x64.Build.0 = Debug|x64
		{66397903-6FF2-46C6-B51E-B323FD248FAD}.Debug|x86.ActiveCfg = Debug|x64
		{66397903-6FF2-46C6-B51E-B323FD248FAD}.Release|x64.ActiveCfg = Release|x64
		{66397903-6FF2-46C6-B51E-B323FD248FAD}.Release|x64.Build.0 = Release|x64
		{66397903-6FF2-46C6-B51E-B323FD248FAD}.Release|x86.ActiveCfg = Release|x64
		{12C849FC-DFEC-4FCD-9351-38BE0020BED5}.Debug|x64.ActiveCfg = Debug|x64
		{12C849FC-DFEC-4FCD-9351-38BE0020BED5}.Debug|x64.Build.0 = Debug|x64
		{12C849FC-DFEC-4FCD-9351-38BE0020BED5}.Debug|x86.ActiveCfg = Debug|Win32
		{12C849FC-DFEC-4FCD-9351-38BE0020BED5}.Debug|x86.Build.0 = Debug|Win32
		{12C849FC-DFEC-4FCD-9351-38BE0020BED5}.Release|x64.ActiveCfg = Release|x64
		{12C849FC-DFEC-4FCD-9351-38BE0020BED5}.Release|x64.Build.0 = Release|x64
		{12C849FC-DFEC-4FCD-9351-38BE0020BED5}.Release|x86.ActiveCfg = Release|Win32
		{12C849FC-DFEC-4FCD-9351-38BE0020BED5}.Release|x86.Build.0 = Release|Win32
		{7D79CF0C-F0B6-4D4E-BBEE-822E4BDA4061}.Debug|x64.ActiveCfg = Debug|x64
		{7D79CF0C-F0B6-4D4E-BBEE-822E4BDA4061}.Debug|x64.Build.0 = Debug|x64
		{7D79CF0C-F0B6-4D4E-BBEE-822E4BDA4061}.Debug|x86.ActiveCfg = Debug|Win32
		{7D79CF0C-F0B6-4D4E-BBEE-822E4BDA4061}.Debug|x86.Build.0 = Debug|Win32
		{7D79CF0C-F0B6-4D4E-BBEE-822E4BDA4061}.Release|x64.ActiveCfg = Release|x64
		{7D79CF0C-F0B6-4D4E-BBEE-822E4BDA4061}.Release|x64.Build.0 = Release|x64
		{7D79CF0C-F0B6-4D4E-BBEE-822E4BDA4061}.Release|x86.ActiveCfg = Release|Win32
		{7D79CF0C-F0B6-4D4E-BBEE-822E4BDA4061}.Release|x86.Build.0 = Release|Win32
		{49C765EA-DD7C-481D-9584-CEFAD935735E}.Debug|x64.ActiveCfg = Debug|Win32
		{49C765EA-DD7C-481D-9584-CEFAD935735E}.Debug|x86.ActiveCfg = Debug|Win32
		{49C765EA-DD7C-481D-9584-CEFAD935735E}.Debug|x86.Build.0 = Debug|Win32
		{49C765EA-DD7C-481D-9584-CEFAD935735E}.Release|x64.ActiveCfg = Release|Win32
		{49C765EA-DD7C-481D-9584-CEFAD935735E}.Release|x86.ActiveCfg = Release|Win32
		{49C765EA-DD7C-481D-9584-CEFAD935735E}.Release|x86.Build.0 = Release|Win32
	EndGlobalSection
	GlobalSection(SolutionProperties) = preSolution
		HideSolutionNode = FALSE
	EndGlobalSection
	GlobalSection(ExtensibilityGlobals) = postSolution
		SolutionGuid = {CEDA6427-420A-48CD-844A-49A7C9EFCE4F}
	EndGlobalSection
EndGlobal
