<?xml version="1.0" encoding="utf-8"?>
<Project ToolsVersion="4.0" xmlns="http://schemas.microsoft.com/developer/msbuild/2003">
  <ItemGroup>
    <ClCompile Include="MeshSyncClientHoudini\mshouSOP.cpp">
      <Filter>MeshSyncClientHoudini</Filter>
    </ClCompile>
    <ClCompile Include="MeshSyncClientHoudini/pch.cpp">
      <Filter>MeshSyncClientHoudini</Filter>
    </ClCompile>
  </ItemGroup>
  <ItemGroup>
    <ClInclude Include="MeshSyncClientHoudini\mshouSOP.h">
      <Filter>MeshSyncClientHoudini</Filter>
    </ClInclude>
    <ClInclude Include="MeshSyncClientHoudini/pch.h">
      <Filter>MeshSyncClientHoudini</Filter>
    </ClInclude>
  </ItemGroup>
  <ItemGroup>
    <Filter Include="MeshSyncClientHoudini">
      <UniqueIdentifier>{c0cd8fd3-cfcc-4ee0-81d6-268860f1c847}</UniqueIdentifier>
    </Filter>
  </ItemGroup>
</Project>