<?xml version="1.0" encoding="utf-8"?>
<Project ToolsVersion="4.0" xmlns="http://schemas.microsoft.com/developer/msbuild/2003">
  <ItemGroup>
    <ClCompile Include="MeshSync\msClient.cpp">
      <Filter>MeshSync</Filter>
    </ClCompile>
    <ClCompile Include="MeshSync\msServer.cpp">
      <Filter>MeshSync</Filter>
    </ClCompile>
    <ClCompile Include="MeshSync/pch.cpp">
      <Filter>MeshSync</Filter>
    </ClCompile>
    <ClCompile Include="MeshSync\msProtocol.cpp">
      <Filter>MeshSync</Filter>
    </ClCompile>
    <ClCompile Include="MeshSync\Utils\msTextureManager.cpp">
      <Filter>MeshSync\Utils</Filter>
    </ClCompile>
    <ClCompile Include="MeshSync\Utils\msEntityManager.cpp">
      <Filter>MeshSync\Utils</Filter>
    </ClCompile>
    <ClCompile Include="MeshSync\Utils\msAsyncSceneSender.cpp">
      <Filter>MeshSync\Utils</Filter>
    </ClCompile>
    <ClCompile Include="MeshSync\Utils\msMaterialManager.cpp">
      <Filter>MeshSync\Utils</Filter>
    </ClCompile>
    <ClCompile Include="MeshSync\Utils\msMaterialExt.cpp">
      <Filter>MeshSync\Utils</Filter>
    </ClCompile>
    <ClCompile Include="MeshSync\msFoundation.cpp">
      <Filter>MeshSync</Filter>
    </ClCompile>
    <ClCompile Include="MeshSync\msMisc.cpp">
      <Filter>MeshSync</Filter>
    </ClCompile>
    <ClCompile Include="MeshSync\SceneGraph\msMaterial.cpp">
      <Filter>MeshSync\SceneGraph</Filter>
    </ClCompile>
    <ClCompile Include="MeshSync\SceneGraph\msMesh.cpp">
      <Filter>MeshSync\SceneGraph</Filter>
    </ClCompile>
    <ClCompile Include="MeshSync\SceneGraph\msTexture.cpp">
      <Filter>MeshSync\SceneGraph</Filter>
    </ClCompile>
    <ClCompile Include="MeshSync\SceneGraph\msAsset.cpp">
      <Filter>MeshSync\SceneGraph</Filter>
    </ClCompile>
    <ClCompile Include="MeshSync\SceneGraph\msAudio.cpp">
      <Filter>MeshSync\SceneGraph</Filter>
    </ClCompile>
    <ClCompile Include="MeshSync\SceneGraph\msConstraints.cpp">
      <Filter>MeshSync\SceneGraph</Filter>
    </ClCompile>
    <ClCompile Include="MeshSync\SceneGraph\msSceneGraph.cpp">
      <Filter>MeshSync\SceneGraph</Filter>
    </ClCompile>
    <ClCompile Include="MeshSync\SceneGraph\msEntity.cpp">
      <Filter>MeshSync\SceneGraph</Filter>
    </ClCompile>
    <ClCompile Include="MeshSync\SceneGraph\msIdentifier.cpp">
      <Filter>MeshSync\SceneGraph</Filter>
    </ClCompile>
    <ClCompile Include="MeshSync\SceneGraph\msAnimation.cpp">
      <Filter>MeshSync\SceneGraph</Filter>
    </ClCompile>
    <ClCompile Include="MeshSync\SceneCache\msSceneCacheImpl.cpp">
      <Filter>MeshSync\SceneCache</Filter>
    </ClCompile>
    <ClCompile Include="MeshSync\SceneCache\msEncoder.cpp">
      <Filter>MeshSync\SceneCache</Filter>
    </ClCompile>
  </ItemGroup>
  <ItemGroup>
    <ClInclude Include="MeshSync\msClient.h">
      <Filter>MeshSync</Filter>
    </ClInclude>
    <ClInclude Include="MeshSync\msServer.h">
      <Filter>MeshSync</Filter>
    </ClInclude>
    <ClInclude Include="MeshSync\pch.h">
      <Filter>MeshSync</Filter>
    </ClInclude>
    <ClInclude Include="MeshSync\msConfig.h">
      <Filter>MeshSync</Filter>
    </ClInclude>
    <ClInclude Include="MeshSync\MeshSync.h">
      <Filter>MeshSync</Filter>
    </ClInclude>
    <ClInclude Include="MeshSync\msFoundation.h">
      <Filter>MeshSync</Filter>
    </ClInclude>
    <ClInclude Include="MeshSync\msProtocol.h">
      <Filter>MeshSync</Filter>
    </ClInclude>
    <ClInclude Include="MeshSync\Utils\msTextureManager.h">
      <Filter>MeshSync\Utils</Filter>
    </ClInclude>
    <ClInclude Include="MeshSync\MeshSyncUtils.h">
      <Filter>MeshSync</Filter>
    </ClInclude>
    <ClInclude Include="MeshSync\Utils\msEntityManager.h">
      <Filter>MeshSync\Utils</Filter>
    </ClInclude>
    <ClInclude Include="MeshSync\Utils\msAsyncSceneSender.h">
      <Filter>MeshSync\Utils</Filter>
    </ClInclude>
    <ClInclude Include="MeshSync\Utils\msMaterialManager.h">
      <Filter>MeshSync\Utils</Filter>
    </ClInclude>
    <ClInclude Include="MeshSync\Utils\msIDGenerator.h">
      <Filter>MeshSync\Utils</Filter>
    </ClInclude>
    <ClInclude Include="MeshSync\Utils\msMaterialExt.h">
      <Filter>MeshSync\Utils</Filter>
    </ClInclude>
    <ClInclude Include="MeshSync\msMisc.h">
      <Filter>MeshSync</Filter>
    </ClInclude>
    <ClInclude Include="MeshSync\SceneGraph\msConstraints.h">
      <Filter>MeshSync\SceneGraph</Filter>
    </ClInclude>
    <ClInclude Include="MeshSync\SceneGraph\msMaterial.h">
      <Filter>MeshSync\SceneGraph</Filter>
    </ClInclude>
    <ClInclude Include="MeshSync\SceneGraph\msMesh.h">
      <Filter>MeshSync\SceneGraph</Filter>
    </ClInclude>
    <ClInclude Include="MeshSync\SceneGraph\msTexture.h">
      <Filter>MeshSync\SceneGraph</Filter>
    </ClInclude>
    <ClInclude Include="MeshSync\SceneGraph\msAnimation.h">
      <Filter>MeshSync\SceneGraph</Filter>
    </ClInclude>
    <ClInclude Include="MeshSync\SceneGraph\msAsset.h">
      <Filter>MeshSync\SceneGraph</Filter>
    </ClInclude>
    <ClInclude Include="MeshSync\SceneGraph\msAudio.h">
      <Filter>MeshSync\SceneGraph</Filter>
    </ClInclude>
    <ClInclude Include="MeshSync\SceneGraph\msSceneGraph.h">
      <Filter>MeshSync\SceneGraph</Filter>
    </ClInclude>
    <ClInclude Include="MeshSync\SceneGraph\msEntity.h">
      <Filter>MeshSync\SceneGraph</Filter>
    </ClInclude>
    <ClInclude Include="MeshSync\SceneGraph\msIdentifier.h">
      <Filter>MeshSync\SceneGraph</Filter>
    </ClInclude>
    <ClInclude Include="MeshSync\SceneCache\msSceneCache.h">
      <Filter>MeshSync\SceneCache</Filter>
    </ClInclude>
    <ClInclude Include="MeshSync\SceneCache\msSceneCacheImpl.h">
      <Filter>MeshSync\SceneCache</Filter>
    </ClInclude>
    <ClInclude Include="MeshSync\SceneCache\msEncoder.h">
      <Filter>MeshSync\SceneCache</Filter>
    </ClInclude>
  </ItemGroup>
  <ItemGroup>
    <Filter Include="MeshSync">
      <UniqueIdentifier>{262d68dd-55dc-4e31-8239-226d722598e9}</UniqueIdentifier>
    </Filter>
    <Filter Include="MeshSync\Utils">
      <UniqueIdentifier>{7eb31a5f-9005-4690-9c22-92efc439b8bb}</UniqueIdentifier>
    </Filter>
    <Filter Include="MeshSync\SceneGraph">
      <UniqueIdentifier>{9b3b9c8d-06cd-43e2-bcfb-ecc5fa7c176b}</UniqueIdentifier>
    </Filter>
    <Filter Include="MeshSync\SceneCache">
      <UniqueIdentifier>{0fffbcdb-ee97-4897-962b-811565364903}</UniqueIdentifier>
    </Filter>
  </ItemGroup>
</Project>