<?xml version="1.0" encoding="utf-8"?>
<Project ToolsVersion="4.0" xmlns="http://schemas.microsoft.com/developer/msbuild/2003">
  <ItemGroup>
    <Filter Include="MeshSyncServer">
      <UniqueIdentifier>{d039ae94-4ce1-4932-b8b3-d9e219efd163}</UniqueIdentifier>
    </Filter>
  </ItemGroup>
  <ItemGroup>
    <ClCompile Include="MeshSyncServer\MeshSyncServer.cpp">
      <Filter>MeshSyncServer</Filter>
    </ClCompile>
    <ClCompile Include="MeshSyncServer\pch.cpp">
      <Filter>MeshSyncServer</Filter>
    </ClCompile>
  </ItemGroup>
  <ItemGroup>
    <ClInclude Include="MeshSyncServer\MeshSyncServer.h">
      <Filter>MeshSyncServer</Filter>
    </ClInclude>
    <ClInclude Include="MeshSyncServer\pch.h">
      <Filter>MeshSyncServer</Filter>
    </ClInclude>
  </ItemGroup>
  <ItemGroup>
    <Natvis Include="NatvisFile.natvis" />
  </ItemGroup>
</Project>