<?xml version="1.0" encoding="utf-8"?>
<Project ToolsVersion="15.0" xmlns="http://schemas.microsoft.com/developer/msbuild/2003">
  <ItemGroup>
    <Natvis Include="NatvisFile.natvis" />
  </ItemGroup>
  <ItemGroup>
    <ClCompile Include="PyMeshSync\PyMeshSync.cpp">
      <Filter>PyMeshSync</Filter>
    </ClCompile>
    <ClCompile Include="PyMeshSync\pch.cpp">
      <Filter>PyMeshSync</Filter>
    </ClCompile>
  </ItemGroup>
  <ItemGroup>
    <Filter Include="PyMeshSync">
      <UniqueIdentifier>{77f978cc-4715-478f-aea5-b74f039ff464}</UniqueIdentifier>
    </Filter>
  </ItemGroup>
  <ItemGroup>
    <ClInclude Include="PyMeshSync\pch.h">
      <Filter>PyMeshSync</Filter>
    </ClInclude>
  </ItemGroup>
</Project>