<?xml version="1.0" encoding="utf-8"?>
<Project ToolsVersion="4.0" xmlns="http://schemas.microsoft.com/developer/msbuild/2003">
  <ItemGroup>
    <ClCompile Include="MeshSyncClientMQ/pch.cpp">
      <Filter>MeshSyncClientMQ</Filter>
    </ClCompile>
    <ClCompile Include="MeshSyncClientMQ\MeshSyncClientMQ4.cpp">
      <Filter>MeshSyncClientMQ</Filter>
    </ClCompile>
    <ClCompile Include="MeshSyncClientMQ\msmqContext.cpp">
      <Filter>MeshSyncClientMQ</Filter>
    </ClCompile>
    <ClCompile Include="MeshSyncClientMQ\msmqUI4.cpp">
      <Filter>MeshSyncClientMQ</Filter>
    </ClCompile>
    <ClCompile Include="MeshSyncClientMQ\msmqUtils.cpp">
      <Filter>MeshSyncClientMQ</Filter>
    </ClCompile>
    <ClCompile Include="MeshSyncClientMQ\sdk_MQMorphManager.cpp">
      <Filter>MeshSyncClientMQ</Filter>
    </ClCompile>
    <ClCompile Include="MeshSyncClientMQ\sdk_MQPlugin.cpp">
      <Filter>MeshSyncClientMQ</Filter>
    </ClCompile>
    <ClCompile Include="MeshSyncClientMQ\sdk_MQWidget.cpp">
      <Filter>MeshSyncClientMQ</Filter>
    </ClCompile>
    <ClCompile Include="MeshSyncClientMQ\sdk_MQBasePlugin.cpp">
      <Filter>MeshSyncClientMQ</Filter>
    </ClCompile>
    <ClCompile Include="MeshSyncClientMQ\sdk_MQBoneManager.cpp">
      <Filter>MeshSyncClientMQ</Filter>
    </ClCompile>
    <ClCompile Include="MeshSyncClientMQ\sdk_MQInit.cpp">
      <Filter>MeshSyncClientMQ</Filter>
    </ClCompile>
    <ClCompile Include="MeshSyncClientMQ\sdk_MQSetting.cpp">
      <Filter>MeshSyncClientMQ</Filter>
    </ClCompile>
  </ItemGroup>
  <ItemGroup>
    <ClInclude Include="MeshSyncClientMQ/pch.h">
      <Filter>MeshSyncClientMQ</Filter>
    </ClInclude>
    <ClInclude Include="MeshSyncClientMQ\MeshSyncClientMQ4.h">
      <Filter>MeshSyncClientMQ</Filter>
    </ClInclude>
    <ClInclude Include="MeshSyncClientMQ\msmqContext.h">
      <Filter>MeshSyncClientMQ</Filter>
    </ClInclude>
    <ClInclude Include="MeshSyncClientMQ\msmqUI4.h">
      <Filter>MeshSyncClientMQ</Filter>
    </ClInclude>
    <ClInclude Include="MeshSyncClientMQ\msmqUtils.h">
      <Filter>MeshSyncClientMQ</Filter>
    </ClInclude>
  </ItemGroup>
  <ItemGroup>
    <Filter Include="MeshSyncClientMQ">
      <UniqueIdentifier>{9c638e9c-d6ef-4dc0-a470-bcd0298c4d16}</UniqueIdentifier>
    </Filter>
  </ItemGroup>
</Project>