<?xml version="1.0" encoding="utf-8"?>
<Project ToolsVersion="15.0" xmlns="http://schemas.microsoft.com/developer/msbuild/2003">
  <ItemGroup>
    <Natvis Include="NatvisFile.natvis" />
  </ItemGroup>
  <ItemGroup>
    <ClCompile Include="MeshSyncClientBlender\MeshSyncClientBlender.cpp">
      <Filter>MeshSyncClientBlender</Filter>
    </ClCompile>
    <ClCompile Include="MeshSyncClientBlender\pch.cpp">
      <Filter>MeshSyncClientBlender</Filter>
    </ClCompile>
    <ClCompile Include="MeshSyncClientBlender\msbContext.cpp">
      <Filter>MeshSyncClientBlender</Filter>
    </ClCompile>
    <ClCompile Include="MeshSyncClientBlender\msbBinder.cpp">
      <Filter>MeshSyncClientBlender</Filter>
    </ClCompile>
    <ClCompile Include="MeshSyncClientBlender\msbUtils.cpp">
      <Filter>MeshSyncClientBlender</Filter>
    </ClCompile>
  </ItemGroup>
  <ItemGroup>
    <Filter Include="MeshSyncClientBlender">
      <UniqueIdentifier>{77f978cc-4715-478f-aea5-b74f039ff464}</UniqueIdentifier>
    </Filter>
    <Filter Include="MeshSyncClientBlender\python">
      <UniqueIdentifier>{d1e1adb5-2dd2-416c-a2dd-89fe761f1a8a}</UniqueIdentifier>
    </Filter>
    <Filter Include="MeshSyncClientBlender\tools">
      <UniqueIdentifier>{39366f81-1fb0-4079-b4f3-830c19e7acd5}</UniqueIdentifier>
    </Filter>
    <Filter Include="MeshSyncClientBlender\python\2.79">
      <UniqueIdentifier>{e298cd45-2518-4dce-a0e2-518040e05241}</UniqueIdentifier>
    </Filter>
    <Filter Include="MeshSyncClientBlender\python\2.80">
      <UniqueIdentifier>{2697938a-7a38-4087-86e1-e5968240b275}</UniqueIdentifier>
    </Filter>
  </ItemGroup>
  <ItemGroup>
    <ClInclude Include="MeshSyncClientBlender\pch.h">
      <Filter>MeshSyncClientBlender</Filter>
    </ClInclude>
    <ClInclude Include="MeshSyncClientBlender\MeshSyncClientBlender.h">
      <Filter>MeshSyncClientBlender</Filter>
    </ClInclude>
    <ClInclude Include="MeshSyncClientBlender\msbContext.h">
      <Filter>MeshSyncClientBlender</Filter>
    </ClInclude>
    <ClInclude Include="MeshSyncClientBlender\msbBinder.h">
      <Filter>MeshSyncClientBlender</Filter>
    </ClInclude>
    <ClInclude Include="MeshSyncClientBlender\msbUtils.h">
      <Filter>MeshSyncClientBlender</Filter>
    </ClInclude>
  </ItemGroup>
  <ItemGroup>
    <None Include="MeshSyncClientBlender\tools\extract_headers.py">
      <Filter>MeshSyncClientBlender\tools</Filter>
    </None>
    <None Include="MeshSyncClientBlender\tools\replace_blender_version.py">
      <Filter>MeshSyncClientBlender\tools</Filter>
    </None>
    <None Include="MeshSyncClientBlender\tools\gen_initpy.py">
      <Filter>MeshSyncClientBlender\tools</Filter>
    </None>
    <None Include="MeshSyncClientBlender\python\2.79\unity_mesh_sync.py">
      <Filter>MeshSyncClientBlender\python\2.79</Filter>
    </None>
    <None Include="MeshSyncClientBlender\python\2.80\unity_mesh_sync.py">
      <Filter>MeshSyncClientBlender\python\2.80</Filter>
    </None>
    <None Include="MeshSyncClientBlender\python\unity_mesh_sync_common.py">
      <Filter>MeshSyncClientBlender\python</Filter>
    </None>
  </ItemGroup>
</Project>