<?xml version="1.0" encoding="utf-8"?>
<Project ToolsVersion="4.0" xmlns="http://schemas.microsoft.com/developer/msbuild/2003">
  <ItemGroup>
    <Filter Include="MeshSyncClient3dsMax">
      <UniqueIdentifier>{77e44a4c-abc2-4ace-8009-a6152e70ffdc}</UniqueIdentifier>
    </Filter>
  </ItemGroup>
  <ItemGroup>
    <ClInclude Include="MeshSyncClient3dsMax\pch.h">
      <Filter>MeshSyncClient3dsMax</Filter>
    </ClInclude>
    <ClInclude Include="MeshSyncClient3dsMax\msmaxCallbacks.h">
      <Filter>MeshSyncClient3dsMax</Filter>
    </ClInclude>
    <ClInclude Include="MeshSyncClient3dsMax\msmaxUtils.h">
      <Filter>MeshSyncClient3dsMax</Filter>
    </ClInclude>
    <ClInclude Include="MeshSyncClient3dsMax\resource.h">
      <Filter>MeshSyncClient3dsMax</Filter>
    </ClInclude>
    <ClInclude Include="MeshSyncClient3dsMax\msmaxContext.h">
      <Filter>MeshSyncClient3dsMax</Filter>
    </ClInclude>
  </ItemGroup>
  <ItemGroup>
    <ClCompile Include="MeshSyncClient3dsMax\pch.cpp">
      <Filter>MeshSyncClient3dsMax</Filter>
    </ClCompile>
    <ClCompile Include="MeshSyncClient3dsMax\MeshSyncClient3dsMax.cpp">
      <Filter>MeshSyncClient3dsMax</Filter>
    </ClCompile>
    <ClCompile Include="MeshSyncClient3dsMax\msmaxCallbacks.cpp">
      <Filter>MeshSyncClient3dsMax</Filter>
    </ClCompile>
    <ClCompile Include="MeshSyncClient3dsMax\msmaxUtils.cpp">
      <Filter>MeshSyncClient3dsMax</Filter>
    </ClCompile>
    <ClCompile Include="MeshSyncClient3dsMax\msmaxUI.cpp">
      <Filter>MeshSyncClient3dsMax</Filter>
    </ClCompile>
    <ClCompile Include="MeshSyncClient3dsMax\msmaxContext.cpp">
      <Filter>MeshSyncClient3dsMax</Filter>
    </ClCompile>
  </ItemGroup>
  <ItemGroup>
    <ResourceCompile Include="MeshSyncClient3dsMax\msmaxUI.rc">
      <Filter>MeshSyncClient3dsMax</Filter>
    </ResourceCompile>
  </ItemGroup>
</Project>