<?xml version="1.0" encoding="utf-8"?>
<Project ToolsVersion="4.0" xmlns="http://schemas.microsoft.com/developer/msbuild/2003">
  <ItemGroup>
    <ClCompile Include="MeshSyncClientMaya\MeshSyncClientMaya.cpp">
      <Filter>MeshSyncClientMaya</Filter>
    </ClCompile>
    <ClCompile Include="MeshSyncClientMaya/pch.cpp">
      <Filter>MeshSyncClientMaya</Filter>
    </ClCompile>
    <ClCompile Include="MeshSyncClientMaya\MeshSyncClientMaya_extract.cpp">
      <Filter>MeshSyncClientMaya</Filter>
    </ClCompile>
    <ClCompile Include="MeshSyncClientMaya\msmayaUtils.cpp">
      <Filter>MeshSyncClientMaya</Filter>
    </ClCompile>
    <ClCompile Include="MeshSyncClientMaya\msmayaCommands.cpp">
      <Filter>MeshSyncClientMaya</Filter>
    </ClCompile>
  </ItemGroup>
  <ItemGroup>
    <ClInclude Include="MeshSyncClientMaya/pch.h">
      <Filter>MeshSyncClientMaya</Filter>
    </ClInclude>
    <ClInclude Include="MeshSyncClientMaya\MeshSyncClientMaya.h">
      <Filter>MeshSyncClientMaya</Filter>
    </ClInclude>
    <ClInclude Include="MeshSyncClientMaya\msmayaUtils.h">
      <Filter>MeshSyncClientMaya</Filter>
    </ClInclude>
    <ClInclude Include="MeshSyncClientMaya\msmayaCommands.h">
      <Filter>MeshSyncClientMaya</Filter>
    </ClInclude>
    <ClInclude Include="MeshSyncClientMaya\MayaLTSupport.h">
      <Filter>MeshSyncClientMaya</Filter>
    </ClInclude>
  </ItemGroup>
  <ItemGroup>
    <Filter Include="MeshSyncClientMaya">
      <UniqueIdentifier>{77e44a4c-abc2-4ace-8009-a6152e70ffdc}</UniqueIdentifier>
    </Filter>
  </ItemGroup>
</Project>